
Microsoft Visual Studio Solution File, Format Version 12.00
# Visual Studio Version 17
VisualStudioVersion = 17.4.33213.308
MinimumVisualStudioVersion = 10.0.40219.1
Project("{FAE04EC0-301F-11D3-BF4B-00C04F79EFBC}") = "Coti02", "Coti02.csproj", "{91238E56-EAAC-4109-9C19-185519709BC4}"
EndProject
Global
	GlobalSection(SolutionConfigurationPlatforms) = preSolution
		Debug|Any CPU = Debug|Any CPU
		Release|Any CPU = Release|Any CPU
	EndGlobalSection
	GlobalSection(ProjectConfigurationPlatforms) = postSolution
		{91238E56-EAAC-4109-9C19-185519709BC4}.Debug|Any CPU.ActiveCfg = Debug|Any CPU
		{91238E56-EAAC-4109-9C19-185519709BC4}.Debug|Any CPU.Build.0 = Debug|Any CPU
		{91238E56-EAAC-4109-9C19-185519709BC4}.Release|Any CPU.ActiveCfg = Release|Any CPU
		{91238E56-EAAC-4109-9C19-185519709BC4}.Release|Any CPU.Build.0 = Release|Any CPU
	EndGlobalSection
	GlobalSection(SolutionProperties) = preSolution
		HideSolutionNode = FALSE
	EndGlobalSection
	GlobalSection(ExtensibilityGlobals) = postSolution
		SolutionGuid = {0B85427B-0C3E-435A-BE44-F56519CA5054}
	EndGlobalSection
EndGlobal
